
Microsoft Visual Studio Solution File, Format Version 12.00
# Visual Studio Version 16
VisualStudioVersion = 16.0.30128.74
MinimumVisualStudioVersion = 10.0.40219.1
Project("{FAE04EC0-301F-11D3-BF4B-00C04F79EFBC}") = "Dalamud_CN", "Dalamud_CN\Dalamud_CN.csproj", "{FE0B2FCE-EA2A-4973-B207-14AE17F00E4B}"
EndProject
Project("{FAE04EC0-301F-11D3-BF4B-00C04F79EFBC}") = "Dalamud_CN_cli", "Dalamid_CN_cli\Dalamud_CN_cli.csproj", "{7F79524A-75B5-4DBA-BF47-406B1A572F62}"
EndProject
Global
	GlobalSection(SolutionConfigurationPlatforms) = preSolution
		Debug|Any CPU = Debug|Any CPU
		Release|Any CPU = Release|Any CPU
	EndGlobalSection
	GlobalSection(ProjectConfigurationPlatforms) = postSolution
		{FE0B2FCE-EA2A-4973-B207-14AE17F00E4B}.Debug|Any CPU.ActiveCfg = Debug|Any CPU
		{FE0B2FCE-EA2A-4973-B207-14AE17F00E4B}.Debug|Any CPU.Build.0 = Debug|Any CPU
		{FE0B2FCE-EA2A-4973-B207-14AE17F00E4B}.Release|Any CPU.ActiveCfg = Release|Any CPU
		{FE0B2FCE-EA2A-4973-B207-14AE17F00E4B}.Release|Any CPU.Build.0 = Release|Any CPU
		{7F79524A-75B5-4DBA-BF47-406B1A572F62}.Debug|Any CPU.ActiveCfg = Debug|Any CPU
		{7F79524A-75B5-4DBA-BF47-406B1A572F62}.Debug|Any CPU.Build.0 = Debug|Any CPU
		{7F79524A-75B5-4DBA-BF47-406B1A572F62}.Release|Any CPU.ActiveCfg = Release|Any CPU
		{7F79524A-75B5-4DBA-BF47-406B1A572F62}.Release|Any CPU.Build.0 = Release|Any CPU
	EndGlobalSection
	GlobalSection(SolutionProperties) = preSolution
		HideSolutionNode = FALSE
	EndGlobalSection
	GlobalSection(ExtensibilityGlobals) = postSolution
		SolutionGuid = {699CBADD-3F5A-4237-97D7-23928CD375C7}
	EndGlobalSection
EndGlobal
